{
  "name": "khoi-pi",
  "version": "0.1.0",
  "lockfileVersion": 3,
  "requires": true,
  "packages": {
    "": {
      "name": "khoi-pi",
      "version": "0.1.0",
      "dependencies": {
        "@xterm/headless": "^5.5.0",
        "node-pty": "^1.0.0"
      },
      "peerDependencies": {
        "@earendil-works/pi-coding-agent": "^0.83.0",
        "@earendil-works/pi-tui": "^0.83.0",
        "typebox": "^1.3.7"
      }
    },
    "node_modules/@earendil-works/pi-coding-agent": {
      "version": "0.83.0",
      "resolved": "https://registry.npmjs.org/@earendil-works/pi-coding-agent/-/pi-coding-agent-0.83.0.tgz",
      "integrity": "sha512-uYhF+FsZxogoSX/AxBcUdiY+ZklubwaXyAoEGA2eQwsHcyEAhUYIKh/WLXe/a8+k8eTCmxb+ZN2Zo9mzQtzbWw==",
      "hasShrinkwrap": true,
      "license": "MIT",
      "peer": true,
      "dependencies": {
        "@earendil-works/pi-agent-core": "^0.83.0",
        "@earendil-works/pi-ai": "^0.83.0",
        "@earendil-works/pi-tui": "^0.83.0",
        "@silvia-odwyer/photon-node": "0.3.4",
        "chalk": "5.6.2",
        "cross-spawn": "7.0.6",
        "diff": "8.0.4",
        "glob": "13.0.6",
        "highlight.js": "10.7.3",
        "hosted-git-info": "9.0.3",
        "ignore": "7.0.5",
        "jiti": "2.7.0",
        "minimatch": "10.2.5",
        "proper-lockfile": "4.1.2",
        "semver": "7.8.0",
        "typebox": "1.3.7",
        "undici": "8.5.0",
        "yaml": "2.9.0"
      },
      "bin": {
        "pi": "dist/cli.js"
      },
      "engines": {
        "node": ">=22.19.0"
      },
      "optionalDependencies": {
        "@mariozechner/clipboard": "0.3.9"
      }
    },
    "node_modules/@earendil-works/pi-tui": {
      "version": "0.83.0",
      "resolved": "https://registry.npmjs.org/@earendil-works/pi-tui/-/pi-tui-0.83.0.tgz",
      "integrity": "sha512-IoYrb0rORjELmEpNtoCA/U8je3KopMkRAVJRdSzvXRvgb+Huo1gNh8Q5CSZvNOiYtDxJdj2tYZZHZ4B3+IN3hA==",
      "license": "MIT",
      "peer": true,
      "dependencies": {
        "get-east-asian-width": "1.6.0",
        "marked": "18.0.5"
      },
      "engines": {
        "node": ">=22.19.0"
      }
    },
    "node_modules/@earendil-works/pi-tui/node_modules/marked": {
      "version": "18.0.5",
      "resolved": "https://registry.npmjs.org/marked/-/marked-18.0.5.tgz",
      "integrity": "sha512-S6GcvALHg6K4ohtu4E7x0a1AqhAjp6cV8KhLSyN9qVapnzJkusVBxZRcIU9AeYsbe6P1hKDusSbEOzGyyuce6w==",
      "license": "MIT",
      "peer": true,
      "bin": {
        "marked": "bin/marked.js"
      },
      "engines": {
        "node": ">= 20"
      }
    },
    "node_modules/@mariozechner/clipboard": {
      "version": "0.3.5",
      "resolved": "https://registry.npmjs.org/@mariozechner/clipboard/-/clipboard-0.3.5.tgz",
      "integrity": "sha512-D3F+UrU9CR7roJt0zDLp6Oc+4/KlLDIrN4frH+6V90SJNW2KKUec1oCQIPaaDjCqeOsQyX9dyqYbImIQIM45PA==",
      "license": "MIT",
      "optional": true,
      "peer": true,
      "engines": {
        "node": ">= 10"
      },
      "optionalDependencies": {
        "@mariozechner/clipboard-darwin-arm64": "0.3.2",
        "@mariozechner/clipboard-darwin-universal": "0.3.2",
        "@mariozechner/clipboard-darwin-x64": "0.3.2",
        "@mariozechner/clipboard-linux-arm64-gnu": "0.3.2",
        "@mariozechner/clipboard-linux-arm64-musl": "0.3.2",
        "@mariozechner/clipboard-linux-riscv64-gnu": "0.3.2",
        "@mariozechner/clipboard-linux-x64-gnu": "0.3.2",
        "@mariozechner/clipboard-linux-x64-musl": "0.3.2",
        "@mariozechner/clipboard-win32-arm64-msvc": "0.3.2",
        "@mariozechner/clipboard-win32-x64-msvc": "0.3.2"
      }
    },
    "node_modules/@mariozechner/clipboard-darwin-arm64": {
      "version": "0.3.2",
      "resolved": "https://registry.npmjs.org/@mariozechner/clipboard-darwin-arm64/-/clipboard-darwin-arm64-0.3.2.tgz",
      "integrity": "sha512-uBf6K7Je1ihsgvmWxA8UCGCeI+nbRVRXoarZdLjl6slz94Zs1tNKFZqx7aCI5O1i3e0B6ja82zZ06BWrl0MCVw==",
      "cpu": [
        "arm64"
      ],
      "license": "MIT",
      "optional": true,
      "os": [
        "darwin"
      ],
      "peer": true,
      "engines": {
        "node": ">= 10"
      }
    },
    "node_modules/@mariozechner/clipboard-darwin-universal": {
      "version": "0.3.2",
      "resolved": "https://registry.npmjs.org/@mariozechner/clipboard-darwin-universal/-/clipboard-darwin-universal-0.3.2.tgz",
      "integrity": "sha512-mxSheKTW2U9LsBdXy0SdmdCAE5HqNS9QUmpNHLnfJ+SsbFKALjEZc5oRrVMXxGQSirDvYf5bjmRyT0QYYonnlg==",
      "license": "MIT",
      "optional": true,
      "os": [
        "darwin"
      ],
      "peer": true,
      "engines": {
        "node": ">= 10"
      }
    },
    "node_modules/@mariozechner/clipboard-darwin-x64": {
      "version": "0.3.2",
      "resolved": "https://registry.npmjs.org/@mariozechner/clipboard-darwin-x64/-/clipboard-darwin-x64-0.3.2.tgz",
      "integrity": "sha512-U1BcVEoidvwIp95+HJswSW+xr28EQiHR7rZjH6pn8Sja5yO4Yoe3yCN0Zm8Lo72BbSOK/fTSq0je7CJpaPCspg==",
      "cpu": [
        "x64"
      ],
      "license": "MIT",
      "optional": true,
      "os": [
        "darwin"
      ],
      "peer": true,
      "engines": {
        "node": ">= 10"
      }
    },
    "node_modules/@mariozechner/clipboard-linux-arm64-gnu": {
      "version": "0.3.2",
      "resolved": "https://registry.npmjs.org/@mariozechner/clipboard-linux-arm64-gnu/-/clipboard-linux-arm64-gnu-0.3.2.tgz",
      "integrity": "sha512-BsinwG3yWTIjdgNCxsFlip7LkfwPk+ruw/aFCXHUg/fb5XC/Ksp+YMQ7u0LUtiKzIv/7LMXgZInJQH6gxbAaqQ==",
      "cpu": [
        "arm64"
      ],
      "libc": [
        "glibc"
      ],
      "license": "MIT",
      "optional": true,
      "os": [
        "linux"
      ],
      "peer": true,
      "engines": {
        "node": ">= 10"
      }
    },
    "node_modules/@mariozechner/clipboard-linux-arm64-musl": {
      "version": "0.3.2",
      "resolved": "https://registry.npmjs.org/@mariozechner/clipboard-linux-arm64-musl/-/clipboard-linux-arm64-musl-0.3.2.tgz",
      "integrity": "sha512-0/Gi5Xq2V6goXBop19ePoHvXsmJD9SzFlO3S+d6+T2b+BlPcpOu3Oa0wTjl+cZrLAAEzA86aPNBI+VVAFDFPKw==",
      "cpu": [
        "arm64"
      ],
      "libc": [
        "musl"
      ],
      "license": "MIT",
      "optional": true,
      "os": [
        "linux"
      ],
      "peer": true,
      "engines": {
        "node": ">= 10"
      }
    },
    "node_modules/@mariozechner/clipboard-linux-riscv64-gnu": {
      "version": "0.3.2",
      "resolved": "https://registry.npmjs.org/@mariozechner/clipboard-linux-riscv64-gnu/-/clipboard-linux-riscv64-gnu-0.3.2.tgz",
      "integrity": "sha512-2AFFiXB24qf0zOZsxI1GJGb9wQGlOJyN6UwoXqmKS3dpQi/l6ix30IzDDA4c4ZcCcx4D+9HLYXhC1w7Sov8pXA==",
      "cpu": [
        "riscv64"
      ],
      "libc": [
        "glibc"
      ],
      "license": "MIT",
      "optional": true,
      "os": [
        "linux"
      ],
      "peer": true,
      "engines": {
        "node": ">= 10"
      }
    },
    "node_modules/@mariozechner/clipboard-linux-x64-gnu": {
      "version": "0.3.2",
      "resolved": "https://registry.npmjs.org/@mariozechner/clipboard-linux-x64-gnu/-/clipboard-linux-x64-gnu-0.3.2.tgz",
      "integrity": "sha512-v6fVnsn7WMGg73Dab8QMwyFce7tzGfgEixKgzLP8f1GJqkJZi5zO4k4FOHzSgUufgLil63gnxvMpjWkgfeQN7A==",
      "cpu": [
        "x64"
      ],
      "libc": [
        "glibc"
      ],
      "license": "MIT",
      "optional": true,
      "os": [
        "linux"
      ],
      "peer": true,
      "engines": {
        "node": ">= 10"
      }
    },
    "node_modules/@mariozechner/clipboard-linux-x64-musl": {
      "version": "0.3.2",
      "resolved": "https://registry.npmjs.org/@mariozechner/clipboard-linux-x64-musl/-/clipboard-linux-x64-musl-0.3.2.tgz",
      "integrity": "sha512-xVUtnoMQ8v2JVyfJLKKXACA6avdnchdbBkTsZs8BgJQo29qwCp5NIHAUO8gbJ40iaEGToW5RlmVk2M9V0HsHEw==",
      "cpu": [
        "x64"
      ],
      "libc": [
        "musl"
      ],
      "license": "MIT",
      "optional": true,
      "os": [
        "linux"
      ],
      "peer": true,
      "engines": {
        "node": ">= 10"
      }
    },
    "node_modules/@mariozechner/clipboard-win32-arm64-msvc": {
      "version": "0.3.2",
      "resolved": "https://registry.npmjs.org/@mariozechner/clipboard-win32-arm64-msvc/-/clipboard-win32-arm64-msvc-0.3.2.tgz",
      "integrity": "sha512-AEgg95TNi8TGgak2wSXZkXKCvAUTjWoU1Pqb0ON7JHrX78p616XUFNTJohtIon3e0w6k0pYPZeCuqRCza/Tqeg==",
      "cpu": [
        "arm64"
      ],
      "license": "MIT",
      "optional": true,
      "os": [
        "win32"
      ],
      "peer": true,
      "engines": {
        "node": ">= 10"
      }
    },
    "node_modules/@mariozechner/clipboard-win32-x64-msvc": {
      "version": "0.3.2",
      "resolved": "https://registry.npmjs.org/@mariozechner/clipboard-win32-x64-msvc/-/clipboard-win32-x64-msvc-0.3.2.tgz",
      "integrity": "sha512-tGRuYpZwDOD7HBrCpyRuhGnHHSCknELvqwKKUG4JSfSB7JIU7LKRh6zx6fMUOQd8uISK35TjFg5UcNih+vJhFA==",
      "cpu": [
        "x64"
      ],
      "license": "MIT",
      "optional": true,
      "os": [
        "win32"
      ],
      "peer": true,
      "engines": {
        "node": ">= 10"
      }
    },
    "node_modules/@silvia-odwyer/photon-node": {
      "version": "0.3.4",
      "resolved": "https://registry.npmjs.org/@silvia-odwyer/photon-node/-/photon-node-0.3.4.tgz",
      "integrity": "sha512-bnly4BKB3KDTFxrUIcgCLbaeVVS8lrAkri1pEzskpmxu9MdfGQTy8b8EgcD83ywD3RPMsIulY8xJH5Awa+t9fA==",
      "license": "Apache-2.0",
      "peer": true
    },
    "node_modules/@xterm/headless": {
      "version": "5.5.0",
      "resolved": "https://registry.npmjs.org/@xterm/headless/-/headless-5.5.0.tgz",
      "integrity": "sha512-5xXB7kdQlFBP82ViMJTwwEc3gKCLGKR/eoxQm4zge7GPBl86tCdI0IdPJjoKd8mUSFXz5V7i/25sfsEkP4j46g==",
      "license": "MIT"
    },
    "node_modules/balanced-match": {
      "version": "4.0.4",
      "resolved": "https://registry.npmjs.org/balanced-match/-/balanced-match-4.0.4.tgz",
      "integrity": "sha512-BLrgEcRTwX2o6gGxGOCNyMvGSp35YofuYzw9h1IMTRmKqttAZZVU67bdb9Pr2vUHA8+j3i2tJfjO6C6+4myGTA==",
      "license": "MIT",
      "peer": true,
      "engines": {
        "node": "18 || 20 || >=22"
      }
    },
    "node_modules/brace-expansion": {
      "version": "5.0.6",
      "resolved": "https://registry.npmjs.org/brace-expansion/-/brace-expansion-5.0.6.tgz",
      "integrity": "sha512-kLpxurY4Z4r9sgMsyG0Z9uzsBlgiU/EFKhj/h91/8yHu0edo7XuixOIH3VcJ8kkxs6/jPzoI6U9Vj3WqbMQ94g==",
      "license": "MIT",
      "peer": true,
      "dependencies": {
        "balanced-match": "^4.0.2"
      },
      "engines": {
        "node": "18 || 20 || >=22"
      }
    },
    "node_modules/chalk": {
      "version": "5.6.2",
      "resolved": "https://registry.npmjs.org/chalk/-/chalk-5.6.2.tgz",
      "integrity": "sha512-7NzBL0rN6fMUW+f7A6Io4h40qQlG+xGmtMxfbnH/K7TAtt8JQWVQK+6g0UXKMeVJoyV5EkkNsErQ8pVD3bLHbA==",
      "license": "MIT",
      "peer": true,
      "engines": {
        "node": "^12.17.0 || ^14.13 || >=16.0.0"
      },
      "funding": {
        "url": "https://github.com/chalk/chalk?sponsor=1"
      }
    },
    "node_modules/diff": {
      "version": "8.0.4",
      "resolved": "https://registry.npmjs.org/diff/-/diff-8.0.4.tgz",
      "integrity": "sha512-DPi0FmjiSU5EvQV0++GFDOJ9ASQUVFh5kD+OzOnYdi7n3Wpm9hWWGfB/O2blfHcMVTL5WkQXSnRiK9makhrcnw==",
      "license": "BSD-3-Clause",
      "peer": true,
      "engines": {
        "node": ">=0.3.1"
      }
    },
    "node_modules/get-east-asian-width": {
      "version": "1.6.0",
      "resolved": "https://registry.npmjs.org/get-east-asian-width/-/get-east-asian-width-1.6.0.tgz",
      "integrity": "sha512-QRbvDIbx6YklUe6RxeTeleMR0yv3cYH6PsPZHcnVn7xv7zO1BHN8r0XETu8n6Ye3Q+ahtSarc3WgtNWmehIBfA==",
      "license": "MIT",
      "peer": true,
      "engines": {
        "node": ">=18"
      },
      "funding": {
        "url": "https://github.com/sponsors/sindresorhus"
      }
    },
    "node_modules/glob": {
      "version": "13.0.6",
      "resolved": "https://registry.npmjs.org/glob/-/glob-13.0.6.tgz",
      "integrity": "sha512-Wjlyrolmm8uDpm/ogGyXZXb1Z+Ca2B8NbJwqBVg0axK9GbBeoS7yGV6vjXnYdGm6X53iehEuxxbyiKp8QmN4Vw==",
      "license": "BlueOak-1.0.0",
      "peer": true,
      "dependencies": {
        "minimatch": "^10.2.2",
        "minipass": "^7.1.3",
        "path-scurry": "^2.0.2"
      },
      "engines": {
        "node": "18 || 20 || >=22"
      },
      "funding": {
        "url": "https://github.com/sponsors/isaacs"
      }
    },
    "node_modules/graceful-fs": {
      "version": "4.2.11",
      "resolved": "https://registry.npmjs.org/graceful-fs/-/graceful-fs-4.2.11.tgz",
      "integrity": "sha512-RbJ5/jmFcNNCcDV5o9eTnBLJ/HszWV0P73bc+Ff4nS/rJj+YaS6IGyiOL0VoBYX+l1Wrl3k63h/KrH+nhJ0XvQ==",
      "license": "ISC",
      "peer": true
    },
    "node_modules/highlight.js": {
      "version": "10.7.3",
      "resolved": "https://registry.npmjs.org/highlight.js/-/highlight.js-10.7.3.tgz",
      "integrity": "sha512-tzcUFauisWKNHaRkN4Wjl/ZA07gENAjFl3J/c480dprkGTg5EQstgaNFqBfUqCq54kZRIEcreTsAgF/m2quD7A==",
      "license": "BSD-3-Clause",
      "peer": true,
      "engines": {
        "node": "*"
      }
    },
    "node_modules/hosted-git-info": {
      "version": "9.0.3",
      "resolved": "https://registry.npmjs.org/hosted-git-info/-/hosted-git-info-9.0.3.tgz",
      "integrity": "sha512-Hc+ghLoSt6QaYZUv0WBiIvmMDZuZZ7oaDvdH8MbfOO4lOsxdXLEvuC6ePoGs9H1X9oCLyq6+NVN0MKqD+ydxyg==",
      "license": "ISC",
      "peer": true,
      "dependencies": {
        "lru-cache": "^11.1.0"
      },
      "engines": {
        "node": "^20.17.0 || >=22.9.0"
      }
    },
    "node_modules/ignore": {
      "version": "7.0.5",
      "resolved": "https://registry.npmjs.org/ignore/-/ignore-7.0.5.tgz",
      "integrity": "sha512-Hs59xBNfUIunMFgWAbGX5cq6893IbWg4KnrjbYwX3tx0ztorVgTDA6B2sxf8ejHJ4wz8BqGUMYlnzNBer5NvGg==",
      "license": "MIT",
      "peer": true,
      "engines": {
        "node": ">= 4"
      }
    },
    "node_modules/jiti": {
      "version": "2.7.0",
      "resolved": "https://registry.npmjs.org/jiti/-/jiti-2.7.0.tgz",
      "integrity": "sha512-AC/7JofJvZGrrneWNaEnJeOLUx+JlGt7tNa0wZiRPT4MY1wmfKjt2+6O2p2uz2+skll8OZZmJMNqeke7kKbNgQ==",
      "license": "MIT",
      "peer": true,
      "bin": {
        "jiti": "lib/jiti-cli.mjs"
      }
    },
    "node_modules/lru-cache": {
      "version": "11.3.6",
      "resolved": "https://registry.npmjs.org/lru-cache/-/lru-cache-11.3.6.tgz",
      "integrity": "sha512-Gf/KoL3C/MlI7Bt0PGI9I+TeTC/I6r/csU58N4BSNc4lppLBeKsOdFYkK+dX0ABDUMJNfCHTyPpzwwO21Awd3A==",
      "license": "BlueOak-1.0.0",
      "peer": true,
      "engines": {
        "node": "20 || >=22"
      }
    },
    "node_modules/minimatch": {
      "version": "10.2.5",
      "resolved": "https://registry.npmjs.org/minimatch/-/minimatch-10.2.5.tgz",
      "integrity": "sha512-MULkVLfKGYDFYejP07QOurDLLQpcjk7Fw+7jXS2R2czRQzR56yHRveU5NDJEOviH+hETZKSkIk5c+T23GjFUMg==",
      "license": "BlueOak-1.0.0",
      "peer": true,
      "dependencies": {
        "brace-expansion": "^5.0.5"
      },
      "engines": {
        "node": "18 || 20 || >=22"
      },
      "funding": {
        "url": "https://github.com/sponsors/isaacs"
      }
    },
    "node_modules/minipass": {
      "version": "7.1.3",
      "resolved": "https://registry.npmjs.org/minipass/-/minipass-7.1.3.tgz",
      "integrity": "sha512-tEBHqDnIoM/1rXME1zgka9g6Q2lcoCkxHLuc7ODJ5BxbP5d4c2Z5cGgtXAku59200Cx7diuHTOYfSBD8n6mm8A==",
      "license": "BlueOak-1.0.0",
      "peer": true,
      "engines": {
        "node": ">=16 || 14 >=14.17"
      }
    },
    "node_modules/node-addon-api": {
      "version": "7.1.1",
      "resolved": "https://registry.npmjs.org/node-addon-api/-/node-addon-api-7.1.1.tgz",
      "integrity": "sha512-5m3bsyrjFWE1xf7nz7YXdN4udnVtXK6/Yfgn5qnahL6bCkf2yKt4k3nuTKAtT4r3IG8JNR2ncsIMdZuAzJjHQQ==",
      "license": "MIT"
    },
    "node_modules/node-pty": {
      "version": "1.1.0",
      "resolved": "https://registry.npmjs.org/node-pty/-/node-pty-1.1.0.tgz",
      "integrity": "sha512-20JqtutY6JPXTUnL0ij1uad7Qe1baT46lyolh2sSENDd4sTzKZ4nmAFkeAARDKwmlLjPx6XKRlwRUxwjOy+lUg==",
      "hasInstallScript": true,
      "license": "MIT",
      "dependencies": {
        "node-addon-api": "^7.1.0"
      }
    },
    "node_modules/path-scurry": {
      "version": "2.0.2",
      "resolved": "https://registry.npmjs.org/path-scurry/-/path-scurry-2.0.2.tgz",
      "integrity": "sha512-3O/iVVsJAPsOnpwWIeD+d6z/7PmqApyQePUtCndjatj/9I5LylHvt5qluFaBT3I5h3r1ejfR056c+FCv+NnNXg==",
      "license": "BlueOak-1.0.0",
      "peer": true,
      "dependencies": {
        "lru-cache": "^11.0.0",
        "minipass": "^7.1.2"
      },
      "engines": {
        "node": "18 || 20 || >=22"
      },
      "funding": {
        "url": "https://github.com/sponsors/isaacs"
      }
    },
    "node_modules/proper-lockfile": {
      "version": "4.1.2",
      "resolved": "https://registry.npmjs.org/proper-lockfile/-/proper-lockfile-4.1.2.tgz",
      "integrity": "sha512-TjNPblN4BwAWMXU8s9AEz4JmQxnD1NNL7bNOY/AKUzyamc379FWASUhc/K1pL2noVb+XmZKLL68cjzLsiOAMaA==",
      "license": "MIT",
      "peer": true,
      "dependencies": {
        "graceful-fs": "^4.2.4",
        "retry": "^0.12.0",
        "signal-exit": "^3.0.2"
      }
    },
    "node_modules/proper-lockfile/node_modules/retry": {
      "version": "0.12.0",
      "resolved": "https://registry.npmjs.org/retry/-/retry-0.12.0.tgz",
      "integrity": "sha512-9LkiTwjUh6rT555DtE9rTX+BKByPfrMzEAtnlEtdEwr3Nkffwiihqe2bWADg+OQRjt9gl6ICdmB/ZFDCGAtSow==",
      "license": "MIT",
      "peer": true,
      "engines": {
        "node": ">= 4"
      }
    },
    "node_modules/signal-exit": {
      "version": "3.0.7",
      "resolved": "https://registry.npmjs.org/signal-exit/-/signal-exit-3.0.7.tgz",
      "integrity": "sha512-wnD2ZE+l+SPC/uoS0vXeE9L1+0wuaMqKlfz9AMUo38JsyLSBWSFcHR1Rri62LZc12vLr1gb3jl7iwQhgwpAbGQ==",
      "license": "ISC",
      "peer": true
    },
    "node_modules/typebox": {
      "version": "1.3.10",
      "resolved": "https://registry.npmjs.org/typebox/-/typebox-1.3.10.tgz",
      "integrity": "sha512-L0MT00X96q0P30f1NrGULgaSbmu8hfTjWbLULeVoM+j5u0jR5wyefoDquX2NmRa39f0KiNIBo1wWSaVvHJTZlA==",
      "license": "MIT",
      "peer": true
    },
    "node_modules/undici": {
      "version": "7.25.0",
      "resolved": "https://registry.npmjs.org/undici/-/undici-7.25.0.tgz",
      "integrity": "sha512-xXnp4kTyor2Zq+J1FfPI6Eq3ew5h6Vl0F/8d9XU5zZQf1tX9s2Su1/3PiMmUANFULpmksxkClamIZcaUqryHsQ==",
      "license": "MIT",
      "peer": true,
      "engines": {
        "node": ">=20.18.1"
      }
    },
    "node_modules/yaml": {
      "version": "2.9.0",
      "resolved": "https://registry.npmjs.org/yaml/-/yaml-2.9.0.tgz",
      "integrity": "sha512-2AvhNX3mb8zd6Zy7INTtSpl1F15HW6Wnqj0srWlkKLcpYl/gMIMJiyuGq2KeI2YFxUPjdlB+3Lc10seMLtL4cA==",
      "license": "ISC",
      "peer": true,
      "bin": {
        "yaml": "bin.mjs"
      },
      "engines": {
        "node": ">= 14.6"
      },
      "funding": {
        "url": "https://github.com/sponsors/eemeli"
      }
    }
  }
}
